
Microsoft Visual Studio Solution File, Format Version 12.00
# Visual Studio 15
VisualStudioVersion = 15.0.28307.645
MinimumVisualStudioVersion = 10.0.40219.1
Project("{FAE04EC0-301F-11D3-BF4B-00C04F79EFBC}") = "AbstractFactory_Cars_Begin", "AbstractFactory_Cars_Begin\AbstractFactory_Cars_Begin.csproj", "{E08F3A24-A75F-4EE3-AF92-D9913F1D928B}"
EndProject
Project("{FAE04EC0-301F-11D3-BF4B-00C04F79EFBC}") = "AbstractFactory_Cars_End", "AbstractFactory_Cars_End\AbstractFactory_Cars_End.csproj", "{5D9B0778-29FB-4B71-97BF-1A921546729A}"
EndProject
Project("{FAE04EC0-301F-11D3-BF4B-00C04F79EFBC}") = "Singleton_Logger_Begin", "Singleton_Logger_Begin\Singleton_Logger_Begin.csproj", "{4B2DA6DF-7C89-48CB-9BB0-56167EC9DC44}"
EndProject
Project("{FAE04EC0-301F-11D3-BF4B-00C04F79EFBC}") = "Singleton_Logger_End", "Singleton_Logger_End\Singleton_Logger_End.csproj", "{D3F01498-1445-4A5A-A15D-11A25715AAF6}"
EndProject
Project("{FAE04EC0-301F-11D3-BF4B-00C04F79EFBC}") = "Singleton_LoggerDerived", "Singleton_LoggerDerived\Singleton_LoggerDerived.csproj", "{0E3C5A89-A338-4BC2-A2F1-4F200983F7BB}"
EndProject
Project("{FAE04EC0-301F-11D3-BF4B-00C04F79EFBC}") = "Singleton_ThreadSafe", "Singleton_ThreadSafe\Singleton_ThreadSafe.csproj", "{779A9015-FBB5-49D3-BBF3-EC9B1E927BBF}"
EndProject
Project("{FAE04EC0-301F-11D3-BF4B-00C04F79EFBC}") = "AbstractFactory_Cars_Demo", "AbstractFactory_Cars_Demo\AbstractFactory_Cars_Demo.csproj", "{6B34F698-0BF5-4AAD-BE3F-BC73DBCA5025}"
EndProject
Project("{FAE04EC0-301F-11D3-BF4B-00C04F79EFBC}") = "Strategy_Museum_Begin", "Strategy_Museum_Begin\Strategy_Museum_Begin.csproj", "{75F9BBAF-BABE-4DF8-95FF-80F79933567D}"
EndProject
Project("{FAE04EC0-301F-11D3-BF4B-00C04F79EFBC}") = "Strategy_Museum_End", "Strategy_Museum_End\Strategy_Museum_End.csproj", "{2B5E31E7-1D9A-4C0F-9F92-961DF8620D12}"
EndProject
Project("{FAE04EC0-301F-11D3-BF4B-00C04F79EFBC}") = "TemplateMethod_Museum_Begin", "TemplateMethod_Museum_Begin\TemplateMethod_Museum_Begin.csproj", "{686613DA-B9A6-4E83-9F66-A7653266E801}"
EndProject
Project("{FAE04EC0-301F-11D3-BF4B-00C04F79EFBC}") = "TemplateMethod_Museum_End", "TemplateMethod_Museum_End\TemplateMethod_Museum_End.csproj", "{0F04B952-02A9-4413-8063-5C86885D1989}"
EndProject
Project("{FAE04EC0-301F-11D3-BF4B-00C04F79EFBC}") = "Singleton_Logger_Demo", "Singleton_Logger_Demo\Singleton_Logger_Demo.csproj", "{77D0873D-A298-4DF9-96FC-6016AA9F8E37}"
EndProject
Project("{FAE04EC0-301F-11D3-BF4B-00C04F79EFBC}") = "Adapter_Students_Begin", "Adapter_Students_Begin\Adapter_Students_Begin.csproj", "{D02A05B2-81DB-4DCA-AEC1-BD0BEC289A58}"
EndProject
Project("{FAE04EC0-301F-11D3-BF4B-00C04F79EFBC}") = "Structural_DAL", "Structural_DAL\Structural_DAL.csproj", "{5B199A01-4ADC-4C54-B379-F283F1C0B83E}"
EndProject
Project("{FAE04EC0-301F-11D3-BF4B-00C04F79EFBC}") = "Structural_Models", "Structural_Models\Structural_Models.csproj", "{9B919A8B-68BA-496C-A859-16FD70BCE0A7}"
EndProject
Project("{2150E333-8FDC-42A3-9474-1A3956D46DE8}") = "Creational.AbstractFactory", "Creational.AbstractFactory", "{74CEFF0E-933C-4C8A-8564-417D04E12E40}"
EndProject
Project("{2150E333-8FDC-42A3-9474-1A3956D46DE8}") = "Structural.Adapter", "Structural.Adapter", "{8EAA0F1D-0C05-4C15-B0EE-7CAD4923B5AC}"
EndProject
Project("{2150E333-8FDC-42A3-9474-1A3956D46DE8}") = "Creational.Singleton", "Creational.Singleton", "{3B95A012-BF89-4DAA-AC6B-713C2D58DF8A}"
EndProject
Project("{2150E333-8FDC-42A3-9474-1A3956D46DE8}") = "Behavioral.Strategy", "Behavioral.Strategy", "{C9EE32E2-2E12-46D4-9468-2025DB996D8B}"
EndProject
Project("{2150E333-8FDC-42A3-9474-1A3956D46DE8}") = "Behavioral.TemplateMethod", "Behavioral.TemplateMethod", "{8C27EE25-6CD2-416B-B81F-2FCA84B562A7}"
EndProject
Project("{FAE04EC0-301F-11D3-BF4B-00C04F79EFBC}") = "Structural_BLL", "Structural_BLL\Structural_BLL.csproj", "{C2FE8F58-6A5E-47AF-9558-603CA276DDBD}"
EndProject
Project("{FAE04EC0-301F-11D3-BF4B-00C04F79EFBC}") = "Adapter_Students_End", "Adapter_Students_End\Adapter_Students_End.csproj", "{A7C4D1E7-6CC4-4E5E-AC5C-2AACA5656031}"
EndProject
Project("{FAE04EC0-301F-11D3-BF4B-00C04F79EFBC}") = "Adapter_Students_Demo", "Adapter_Students_Demo\Adapter_Students_Demo.csproj", "{42200476-09EA-4688-831E-5C6D855FF463}"
EndProject
Project("{2150E333-8FDC-42A3-9474-1A3956D46DE8}") = "Structural.Facade", "Structural.Facade", "{1C17C8AF-3100-46DC-808C-20F9F14B7A8C}"
EndProject
Project("{FAE04EC0-301F-11D3-BF4B-00C04F79EFBC}") = "Facade_University", "Facade_University\Facade_University.csproj", "{AD6A5AB6-DE82-454C-B1A8-B78A1F41D7B6}"
EndProject
Project("{FAE04EC0-301F-11D3-BF4B-00C04F79EFBC}") = "Strategy_Museum_Demo", "Strategy_Museum_Demo\Strategy_Museum_Demo.csproj", "{A1E1E9DD-6722-450F-8AB1-6C3CD780818B}"
EndProject
Project("{FAE04EC0-301F-11D3-BF4B-00C04F79EFBC}") = "TemplateMethod_Museum_Demo", "TemplateMethod_Museum_Demo\TemplateMethod_Museum_Demo.csproj", "{3389AF35-3B39-4C06-A4E9-69955833C314}"
EndProject
Project("{FAE04EC0-301F-11D3-BF4B-00C04F79EFBC}") = "UniversityLibrary", "UniversityLibrary\UniversityLibrary.csproj", "{405CD3CE-EE65-40E1-A25F-37EA7B76AAEB}"
EndProject
Global
	GlobalSection(SolutionConfigurationPlatforms) = preSolution
		Debug|Any CPU = Debug|Any CPU
		Release|Any CPU = Release|Any CPU
	EndGlobalSection
	GlobalSection(ProjectConfigurationPlatforms) = postSolution
		{E08F3A24-A75F-4EE3-AF92-D9913F1D928B}.Debug|Any CPU.ActiveCfg = Debug|Any CPU
		{E08F3A24-A75F-4EE3-AF92-D9913F1D928B}.Debug|Any CPU.Build.0 = Debug|Any CPU
		{E08F3A24-A75F-4EE3-AF92-D9913F1D928B}.Release|Any CPU.ActiveCfg = Release|Any CPU
		{E08F3A24-A75F-4EE3-AF92-D9913F1D928B}.Release|Any CPU.Build.0 = Release|Any CPU
		{5D9B0778-29FB-4B71-97BF-1A921546729A}.Debug|Any CPU.ActiveCfg = Debug|Any CPU
		{5D9B0778-29FB-4B71-97BF-1A921546729A}.Debug|Any CPU.Build.0 = Debug|Any CPU
		{5D9B0778-29FB-4B71-97BF-1A921546729A}.Release|Any CPU.ActiveCfg = Release|Any CPU
		{5D9B0778-29FB-4B71-97BF-1A921546729A}.Release|Any CPU.Build.0 = Release|Any CPU
		{4B2DA6DF-7C89-48CB-9BB0-56167EC9DC44}.Debug|Any CPU.ActiveCfg = Debug|Any CPU
		{4B2DA6DF-7C89-48CB-9BB0-56167EC9DC44}.Debug|Any CPU.Build.0 = Debug|Any CPU
		{4B2DA6DF-7C89-48CB-9BB0-56167EC9DC44}.Release|Any CPU.ActiveCfg = Release|Any CPU
		{4B2DA6DF-7C89-48CB-9BB0-56167EC9DC44}.Release|Any CPU.Build.0 = Release|Any CPU
		{D3F01498-1445-4A5A-A15D-11A25715AAF6}.Debug|Any CPU.ActiveCfg = Debug|Any CPU
		{D3F01498-1445-4A5A-A15D-11A25715AAF6}.Debug|Any CPU.Build.0 = Debug|Any CPU
		{D3F01498-1445-4A5A-A15D-11A25715AAF6}.Release|Any CPU.ActiveCfg = Release|Any CPU
		{D3F01498-1445-4A5A-A15D-11A25715AAF6}.Release|Any CPU.Build.0 = Release|Any CPU
		{0E3C5A89-A338-4BC2-A2F1-4F200983F7BB}.Debug|Any CPU.ActiveCfg = Debug|Any CPU
		{0E3C5A89-A338-4BC2-A2F1-4F200983F7BB}.Debug|Any CPU.Build.0 = Debug|Any CPU
		{0E3C5A89-A338-4BC2-A2F1-4F200983F7BB}.Release|Any CPU.ActiveCfg = Release|Any CPU
		{0E3C5A89-A338-4BC2-A2F1-4F200983F7BB}.Release|Any CPU.Build.0 = Release|Any CPU
		{779A9015-FBB5-49D3-BBF3-EC9B1E927BBF}.Debug|Any CPU.ActiveCfg = Debug|Any CPU
		{779A9015-FBB5-49D3-BBF3-EC9B1E927BBF}.Debug|Any CPU.Build.0 = Debug|Any CPU
		{779A9015-FBB5-49D3-BBF3-EC9B1E927BBF}.Release|Any CPU.ActiveCfg = Release|Any CPU
		{779A9015-FBB5-49D3-BBF3-EC9B1E927BBF}.Release|Any CPU.Build.0 = Release|Any CPU
		{6B34F698-0BF5-4AAD-BE3F-BC73DBCA5025}.Debug|Any CPU.ActiveCfg = Debug|Any CPU
		{6B34F698-0BF5-4AAD-BE3F-BC73DBCA5025}.Debug|Any CPU.Build.0 = Debug|Any CPU
		{6B34F698-0BF5-4AAD-BE3F-BC73DBCA5025}.Release|Any CPU.ActiveCfg = Release|Any CPU
		{6B34F698-0BF5-4AAD-BE3F-BC73DBCA5025}.Release|Any CPU.Build.0 = Release|Any CPU
		{75F9BBAF-BABE-4DF8-95FF-80F79933567D}.Debug|Any CPU.ActiveCfg = Debug|Any CPU
		{75F9BBAF-BABE-4DF8-95FF-80F79933567D}.Debug|Any CPU.Build.0 = Debug|Any CPU
		{75F9BBAF-BABE-4DF8-95FF-80F79933567D}.Release|Any CPU.ActiveCfg = Release|Any CPU
		{75F9BBAF-BABE-4DF8-95FF-80F79933567D}.Release|Any CPU.Build.0 = Release|Any CPU
		{2B5E31E7-1D9A-4C0F-9F92-961DF8620D12}.Debug|Any CPU.ActiveCfg = Debug|Any CPU
		{2B5E31E7-1D9A-4C0F-9F92-961DF8620D12}.Debug|Any CPU.Build.0 = Debug|Any CPU
		{2B5E31E7-1D9A-4C0F-9F92-961DF8620D12}.Release|Any CPU.ActiveCfg = Release|Any CPU
		{2B5E31E7-1D9A-4C0F-9F92-961DF8620D12}.Release|Any CPU.Build.0 = Release|Any CPU
		{686613DA-B9A6-4E83-9F66-A7653266E801}.Debug|Any CPU.ActiveCfg = Debug|Any CPU
		{686613DA-B9A6-4E83-9F66-A7653266E801}.Debug|Any CPU.Build.0 = Debug|Any CPU
		{686613DA-B9A6-4E83-9F66-A7653266E801}.Release|Any CPU.ActiveCfg = Release|Any CPU
		{686613DA-B9A6-4E83-9F66-A7653266E801}.Release|Any CPU.Build.0 = Release|Any CPU
		{0F04B952-02A9-4413-8063-5C86885D1989}.Debug|Any CPU.ActiveCfg = Debug|Any CPU
		{0F04B952-02A9-4413-8063-5C86885D1989}.Debug|Any CPU.Build.0 = Debug|Any CPU
		{0F04B952-02A9-4413-8063-5C86885D1989}.Release|Any CPU.ActiveCfg = Release|Any CPU
		{0F04B952-02A9-4413-8063-5C86885D1989}.Release|Any CPU.Build.0 = Release|Any CPU
		{77D0873D-A298-4DF9-96FC-6016AA9F8E37}.Debug|Any CPU.ActiveCfg = Debug|Any CPU
		{77D0873D-A298-4DF9-96FC-6016AA9F8E37}.Debug|Any CPU.Build.0 = Debug|Any CPU
		{77D0873D-A298-4DF9-96FC-6016AA9F8E37}.Release|Any CPU.ActiveCfg = Release|Any CPU
		{77D0873D-A298-4DF9-96FC-6016AA9F8E37}.Release|Any CPU.Build.0 = Release|Any CPU
		{D02A05B2-81DB-4DCA-AEC1-BD0BEC289A58}.Debug|Any CPU.ActiveCfg = Debug|Any CPU
		{D02A05B2-81DB-4DCA-AEC1-BD0BEC289A58}.Debug|Any CPU.Build.0 = Debug|Any CPU
		{D02A05B2-81DB-4DCA-AEC1-BD0BEC289A58}.Release|Any CPU.ActiveCfg = Release|Any CPU
		{D02A05B2-81DB-4DCA-AEC1-BD0BEC289A58}.Release|Any CPU.Build.0 = Release|Any CPU
		{5B199A01-4ADC-4C54-B379-F283F1C0B83E}.Debug|Any CPU.ActiveCfg = Debug|Any CPU
		{5B199A01-4ADC-4C54-B379-F283F1C0B83E}.Debug|Any CPU.Build.0 = Debug|Any CPU
		{5B199A01-4ADC-4C54-B379-F283F1C0B83E}.Release|Any CPU.ActiveCfg = Release|Any CPU
		{5B199A01-4ADC-4C54-B379-F283F1C0B83E}.Release|Any CPU.Build.0 = Release|Any CPU
		{9B919A8B-68BA-496C-A859-16FD70BCE0A7}.Debug|Any CPU.ActiveCfg = Debug|Any CPU
		{9B919A8B-68BA-496C-A859-16FD70BCE0A7}.Debug|Any CPU.Build.0 = Debug|Any CPU
		{9B919A8B-68BA-496C-A859-16FD70BCE0A7}.Release|Any CPU.ActiveCfg = Release|Any CPU
		{9B919A8B-68BA-496C-A859-16FD70BCE0A7}.Release|Any CPU.Build.0 = Release|Any CPU
		{C2FE8F58-6A5E-47AF-9558-603CA276DDBD}.Debug|Any CPU.ActiveCfg = Debug|Any CPU
		{C2FE8F58-6A5E-47AF-9558-603CA276DDBD}.Debug|Any CPU.Build.0 = Debug|Any CPU
		{C2FE8F58-6A5E-47AF-9558-603CA276DDBD}.Release|Any CPU.ActiveCfg = Release|Any CPU
		{C2FE8F58-6A5E-47AF-9558-603CA276DDBD}.Release|Any CPU.Build.0 = Release|Any CPU
		{A7C4D1E7-6CC4-4E5E-AC5C-2AACA5656031}.Debug|Any CPU.ActiveCfg = Debug|Any CPU
		{A7C4D1E7-6CC4-4E5E-AC5C-2AACA5656031}.Debug|Any CPU.Build.0 = Debug|Any CPU
		{A7C4D1E7-6CC4-4E5E-AC5C-2AACA5656031}.Release|Any CPU.ActiveCfg = Release|Any CPU
		{A7C4D1E7-6CC4-4E5E-AC5C-2AACA5656031}.Release|Any CPU.Build.0 = Release|Any CPU
		{42200476-09EA-4688-831E-5C6D855FF463}.Debug|Any CPU.ActiveCfg = Debug|Any CPU
		{42200476-09EA-4688-831E-5C6D855FF463}.Debug|Any CPU.Build.0 = Debug|Any CPU
		{42200476-09EA-4688-831E-5C6D855FF463}.Release|Any CPU.ActiveCfg = Release|Any CPU
		{42200476-09EA-4688-831E-5C6D855FF463}.Release|Any CPU.Build.0 = Release|Any CPU
		{AD6A5AB6-DE82-454C-B1A8-B78A1F41D7B6}.Debug|Any CPU.ActiveCfg = Debug|Any CPU
		{AD6A5AB6-DE82-454C-B1A8-B78A1F41D7B6}.Debug|Any CPU.Build.0 = Debug|Any CPU
		{AD6A5AB6-DE82-454C-B1A8-B78A1F41D7B6}.Release|Any CPU.ActiveCfg = Release|Any CPU
		{AD6A5AB6-DE82-454C-B1A8-B78A1F41D7B6}.Release|Any CPU.Build.0 = Release|Any CPU
		{A1E1E9DD-6722-450F-8AB1-6C3CD780818B}.Debug|Any CPU.ActiveCfg = Debug|Any CPU
		{A1E1E9DD-6722-450F-8AB1-6C3CD780818B}.Debug|Any CPU.Build.0 = Debug|Any CPU
		{A1E1E9DD-6722-450F-8AB1-6C3CD780818B}.Release|Any CPU.ActiveCfg = Release|Any CPU
		{A1E1E9DD-6722-450F-8AB1-6C3CD780818B}.Release|Any CPU.Build.0 = Release|Any CPU
		{3389AF35-3B39-4C06-A4E9-69955833C314}.Debug|Any CPU.ActiveCfg = Debug|Any CPU
		{3389AF35-3B39-4C06-A4E9-69955833C314}.Debug|Any CPU.Build.0 = Debug|Any CPU
		{3389AF35-3B39-4C06-A4E9-69955833C314}.Release|Any CPU.ActiveCfg = Release|Any CPU
		{3389AF35-3B39-4C06-A4E9-69955833C314}.Release|Any CPU.Build.0 = Release|Any CPU
		{405CD3CE-EE65-40E1-A25F-37EA7B76AAEB}.Debug|Any CPU.ActiveCfg = Debug|Any CPU
		{405CD3CE-EE65-40E1-A25F-37EA7B76AAEB}.Debug|Any CPU.Build.0 = Debug|Any CPU
		{405CD3CE-EE65-40E1-A25F-37EA7B76AAEB}.Release|Any CPU.ActiveCfg = Release|Any CPU
		{405CD3CE-EE65-40E1-A25F-37EA7B76AAEB}.Release|Any CPU.Build.0 = Release|Any CPU
	EndGlobalSection
	GlobalSection(SolutionProperties) = preSolution
		HideSolutionNode = FALSE
	EndGlobalSection
	GlobalSection(NestedProjects) = preSolution
		{E08F3A24-A75F-4EE3-AF92-D9913F1D928B} = {74CEFF0E-933C-4C8A-8564-417D04E12E40}
		{5D9B0778-29FB-4B71-97BF-1A921546729A} = {74CEFF0E-933C-4C8A-8564-417D04E12E40}
		{4B2DA6DF-7C89-48CB-9BB0-56167EC9DC44} = {3B95A012-BF89-4DAA-AC6B-713C2D58DF8A}
		{D3F01498-1445-4A5A-A15D-11A25715AAF6} = {3B95A012-BF89-4DAA-AC6B-713C2D58DF8A}
		{0E3C5A89-A338-4BC2-A2F1-4F200983F7BB} = {3B95A012-BF89-4DAA-AC6B-713C2D58DF8A}
		{779A9015-FBB5-49D3-BBF3-EC9B1E927BBF} = {3B95A012-BF89-4DAA-AC6B-713C2D58DF8A}
		{6B34F698-0BF5-4AAD-BE3F-BC73DBCA5025} = {74CEFF0E-933C-4C8A-8564-417D04E12E40}
		{75F9BBAF-BABE-4DF8-95FF-80F79933567D} = {C9EE32E2-2E12-46D4-9468-2025DB996D8B}
		{2B5E31E7-1D9A-4C0F-9F92-961DF8620D12} = {C9EE32E2-2E12-46D4-9468-2025DB996D8B}
		{686613DA-B9A6-4E83-9F66-A7653266E801} = {8C27EE25-6CD2-416B-B81F-2FCA84B562A7}
		{0F04B952-02A9-4413-8063-5C86885D1989} = {8C27EE25-6CD2-416B-B81F-2FCA84B562A7}
		{77D0873D-A298-4DF9-96FC-6016AA9F8E37} = {3B95A012-BF89-4DAA-AC6B-713C2D58DF8A}
		{D02A05B2-81DB-4DCA-AEC1-BD0BEC289A58} = {8EAA0F1D-0C05-4C15-B0EE-7CAD4923B5AC}
		{5B199A01-4ADC-4C54-B379-F283F1C0B83E} = {8EAA0F1D-0C05-4C15-B0EE-7CAD4923B5AC}
		{9B919A8B-68BA-496C-A859-16FD70BCE0A7} = {8EAA0F1D-0C05-4C15-B0EE-7CAD4923B5AC}
		{C2FE8F58-6A5E-47AF-9558-603CA276DDBD} = {8EAA0F1D-0C05-4C15-B0EE-7CAD4923B5AC}
		{A7C4D1E7-6CC4-4E5E-AC5C-2AACA5656031} = {8EAA0F1D-0C05-4C15-B0EE-7CAD4923B5AC}
		{42200476-09EA-4688-831E-5C6D855FF463} = {8EAA0F1D-0C05-4C15-B0EE-7CAD4923B5AC}
		{AD6A5AB6-DE82-454C-B1A8-B78A1F41D7B6} = {1C17C8AF-3100-46DC-808C-20F9F14B7A8C}
		{A1E1E9DD-6722-450F-8AB1-6C3CD780818B} = {C9EE32E2-2E12-46D4-9468-2025DB996D8B}
		{3389AF35-3B39-4C06-A4E9-69955833C314} = {8C27EE25-6CD2-416B-B81F-2FCA84B562A7}
		{405CD3CE-EE65-40E1-A25F-37EA7B76AAEB} = {1C17C8AF-3100-46DC-808C-20F9F14B7A8C}
	EndGlobalSection
	GlobalSection(ExtensibilityGlobals) = postSolution
		SolutionGuid = {D173AD76-B9AE-471A-8230-43AC178EF601}
	EndGlobalSection
EndGlobal
